
Microsoft Visual Studio Solution File, Format Version 12.00
# Visual Studio 14
VisualStudioVersion = 14.0.23107.0
MinimumVisualStudioVersion = 10.0.40219.1
Project("{FAE04EC0-301F-11D3-BF4B-00C04F79EFBC}") = "FlexCharts", "FlexCharts\FlexCharts.csproj", "{53B04142-3FA5-4D7E-989E-EFAFF6B92631}"
EndProject
Project("{FAE04EC0-301F-11D3-BF4B-00C04F79EFBC}") = "FlexChartsDemo", "FlexChartsDemo\FlexChartsDemo.csproj", "{520951ED-720A-44E9-8253-E5C63625032B}"
EndProject
Project("{FAE04EC0-301F-11D3-BF4B-00C04F79EFBC}") = "FlexReports", "FlexReports\FlexReports.csproj", "{BD02E820-EB66-4E07-8B4F-B7F13BE4E1D1}"
EndProject
Project("{FAE04EC0-301F-11D3-BF4B-00C04F79EFBC}") = "Material", "Material\Material.csproj", "{902B5087-D3BD-40D2-8E62-69505E9EDD8E}"
EndProject
Project("{FAE04EC0-301F-11D3-BF4B-00C04F79EFBC}") = "SerialManager", "SerialManager\SerialManager.csproj", "{5A9CA3F8-ED47-4123-9547-FCD666A3A254}"
EndProject
Project("{FAE04EC0-301F-11D3-BF4B-00C04F79EFBC}") = "InventoryTracking", "InventoryTracking\InventoryTracking.csproj", "{1F60004E-059E-47C5-B1BA-33ABFF08F395}"
EndProject
Project("{FAE04EC0-301F-11D3-BF4B-00C04F79EFBC}") = "ShippingRecord", "ShippingRecord\ShippingRecord.csproj", "{78E4A0A3-B156-4579-B349-EC9F5515F3BF}"
EndProject
Project("{FAE04EC0-301F-11D3-BF4B-00C04F79EFBC}") = "ControllerInspector", "ControllerInspector\ControllerInspector.csproj", "{45F7796C-A7B9-4C13-AA18-76BAF4437953}"
EndProject
Global
	GlobalSection(SolutionConfigurationPlatforms) = preSolution
		Debug|Any CPU = Debug|Any CPU
		Release|Any CPU = Release|Any CPU
	EndGlobalSection
	GlobalSection(ProjectConfigurationPlatforms) = postSolution
		{53B04142-3FA5-4D7E-989E-EFAFF6B92631}.Debug|Any CPU.ActiveCfg = Debug|Any CPU
		{53B04142-3FA5-4D7E-989E-EFAFF6B92631}.Debug|Any CPU.Build.0 = Debug|Any CPU
		{53B04142-3FA5-4D7E-989E-EFAFF6B92631}.Release|Any CPU.ActiveCfg = Release|Any CPU
		{53B04142-3FA5-4D7E-989E-EFAFF6B92631}.Release|Any CPU.Build.0 = Release|Any CPU
		{520951ED-720A-44E9-8253-E5C63625032B}.Debug|Any CPU.ActiveCfg = Debug|Any CPU
		{520951ED-720A-44E9-8253-E5C63625032B}.Debug|Any CPU.Build.0 = Debug|Any CPU
		{520951ED-720A-44E9-8253-E5C63625032B}.Release|Any CPU.ActiveCfg = Release|Any CPU
		{520951ED-720A-44E9-8253-E5C63625032B}.Release|Any CPU.Build.0 = Release|Any CPU
		{BD02E820-EB66-4E07-8B4F-B7F13BE4E1D1}.Debug|Any CPU.ActiveCfg = Debug|Any CPU
		{BD02E820-EB66-4E07-8B4F-B7F13BE4E1D1}.Debug|Any CPU.Build.0 = Debug|Any CPU
		{BD02E820-EB66-4E07-8B4F-B7F13BE4E1D1}.Release|Any CPU.ActiveCfg = Release|Any CPU
		{BD02E820-EB66-4E07-8B4F-B7F13BE4E1D1}.Release|Any CPU.Build.0 = Release|Any CPU
		{902B5087-D3BD-40D2-8E62-69505E9EDD8E}.Debug|Any CPU.ActiveCfg = Debug|Any CPU
		{902B5087-D3BD-40D2-8E62-69505E9EDD8E}.Debug|Any CPU.Build.0 = Debug|Any CPU
		{902B5087-D3BD-40D2-8E62-69505E9EDD8E}.Release|Any CPU.ActiveCfg = Release|Any CPU
		{902B5087-D3BD-40D2-8E62-69505E9EDD8E}.Release|Any CPU.Build.0 = Release|Any CPU
		{5A9CA3F8-ED47-4123-9547-FCD666A3A254}.Debug|Any CPU.ActiveCfg = Debug|Any CPU
		{5A9CA3F8-ED47-4123-9547-FCD666A3A254}.Debug|Any CPU.Build.0 = Debug|Any CPU
		{5A9CA3F8-ED47-4123-9547-FCD666A3A254}.Release|Any CPU.ActiveCfg = Release|Any CPU
		{5A9CA3F8-ED47-4123-9547-FCD666A3A254}.Release|Any CPU.Build.0 = Release|Any CPU
		{1F60004E-059E-47C5-B1BA-33ABFF08F395}.Debug|Any CPU.ActiveCfg = Debug|Any CPU
		{1F60004E-059E-47C5-B1BA-33ABFF08F395}.Debug|Any CPU.Build.0 = Debug|Any CPU
		{1F60004E-059E-47C5-B1BA-33ABFF08F395}.Release|Any CPU.ActiveCfg = Release|Any CPU
		{1F60004E-059E-47C5-B1BA-33ABFF08F395}.Release|Any CPU.Build.0 = Release|Any CPU
		{78E4A0A3-B156-4579-B349-EC9F5515F3BF}.Debug|Any CPU.ActiveCfg = Debug|Any CPU
		{78E4A0A3-B156-4579-B349-EC9F5515F3BF}.Debug|Any CPU.Build.0 = Debug|Any CPU
		{78E4A0A3-B156-4579-B349-EC9F5515F3BF}.Release|Any CPU.ActiveCfg = Release|Any CPU
		{78E4A0A3-B156-4579-B349-EC9F5515F3BF}.Release|Any CPU.Build.0 = Release|Any CPU
		{45F7796C-A7B9-4C13-AA18-76BAF4437953}.Debug|Any CPU.ActiveCfg = Debug|Any CPU
		{45F7796C-A7B9-4C13-AA18-76BAF4437953}.Debug|Any CPU.Build.0 = Debug|Any CPU
		{45F7796C-A7B9-4C13-AA18-76BAF4437953}.Release|Any CPU.ActiveCfg = Release|Any CPU
		{45F7796C-A7B9-4C13-AA18-76BAF4437953}.Release|Any CPU.Build.0 = Release|Any CPU
	EndGlobalSection
	GlobalSection(SolutionProperties) = preSolution
		HideSolutionNode = FALSE
	EndGlobalSection
EndGlobal
