
Microsoft Visual Studio Solution File, Format Version 12.00
# Visual Studio 14
VisualStudioVersion = 14.0.22823.1
MinimumVisualStudioVersion = 10.0.40219.1
Project("{FAE04EC0-301F-11D3-BF4B-00C04F79EFBC}") = "FlexCharts", "FlexCharts\FlexCharts.csproj", "{53B04142-3FA5-4D7E-989E-EFAFF6B92631}"
EndProject
Project("{FAE04EC0-301F-11D3-BF4B-00C04F79EFBC}") = "FlexChartsDemo", "FlexChartsDemo\FlexChartsDemo.csproj", "{520951ED-720A-44E9-8253-E5C63625032B}"
EndProject
Global
	GlobalSection(SolutionConfigurationPlatforms) = preSolution
		Debug|Any CPU = Debug|Any CPU
		Release|Any CPU = Release|Any CPU
	EndGlobalSection
	GlobalSection(ProjectConfigurationPlatforms) = postSolution
		{53B04142-3FA5-4D7E-989E-EFAFF6B92631}.Debug|Any CPU.ActiveCfg = Debug|Any CPU
		{53B04142-3FA5-4D7E-989E-EFAFF6B92631}.Debug|Any CPU.Build.0 = Debug|Any CPU
		{53B04142-3FA5-4D7E-989E-EFAFF6B92631}.Release|Any CPU.ActiveCfg = Release|Any CPU
		{53B04142-3FA5-4D7E-989E-EFAFF6B92631}.Release|Any CPU.Build.0 = Release|Any CPU
		{520951ED-720A-44E9-8253-E5C63625032B}.Debug|Any CPU.ActiveCfg = Debug|Any CPU
		{520951ED-720A-44E9-8253-E5C63625032B}.Debug|Any CPU.Build.0 = Debug|Any CPU
		{520951ED-720A-44E9-8253-E5C63625032B}.Release|Any CPU.ActiveCfg = Release|Any CPU
		{520951ED-720A-44E9-8253-E5C63625032B}.Release|Any CPU.Build.0 = Release|Any CPU
	EndGlobalSection
	GlobalSection(SolutionProperties) = preSolution
		HideSolutionNode = FALSE
	EndGlobalSection
EndGlobal
